{
	"name": "@8f4e/audio-worklet",
	"version": "1.0.0",
	"lockfileVersion": 2,
	"requires": true,
	"packages": {
		"": {
			"name": "@8f4e/audio-worklet",
			"version": "1.0.0",
			"license": "MIT",
			"dependencies": {
				"@8f4e/compiler": "file:packages/compiler"
			}
		},
		"node_modules/@8f4e/compiler": {
			"resolved": "packages/compiler",
			"link": true
		},
		"packages/compiler": {}
	},
	"dependencies": {
		"@8f4e/compiler": {
			"version": "file:packages/compiler"
		}
	}
}
