{
	"name": "worker",
	"version": "1.0.0",
	"lockfileVersion": 2,
	"requires": true,
	"packages": {
		"": {
			"name": "worker",
			"version": "1.0.0",
			"license": "MIT",
			"dependencies": {
				"compiler": "file:packages/compiler"
			}
		},
		"node_modules/compiler": {
			"resolved": "packages/compiler",
			"link": true
		},
		"packages/compiler": {}
	},
	"dependencies": {
		"compiler": {
			"version": "file:packages/compiler"
		}
	}
}
