{
	"name": "@8f4e/editor",
	"version": "1.0.0",
	"lockfileVersion": 2,
	"requires": true,
	"packages": {
		"": {
			"name": "@8f4e/editor",
			"version": "1.0.0",
			"license": "MIT",
			"dependencies": {
				"@8f4e/2d-engine": "file:packages/2d-engine",
				"@8f4e/audio-worklet": "file:packages/audio-worklet",
				"@8f4e/chord-identifier": "file:packages/chord-identifier",
				"@8f4e/compiler": "file:packages/compiler",
				"@8f4e/sprite-generator": "file:packages/sprite-generator",
				"@8f4e/worker": "file:packages/worker",
				"@rnbo/js": "^1.1.0",
				"buffer": "5.7.1"
			}
		},
		"node_modules/@8f4e/2d-engine": {
			"resolved": "packages/2d-engine",
			"link": true
		},
		"node_modules/@8f4e/audio-worklet": {
			"resolved": "packages/audio-worklet",
			"link": true
		},
		"node_modules/@8f4e/chord-identifier": {
			"resolved": "packages/chord-identifier",
			"link": true
		},
		"node_modules/@8f4e/compiler": {
			"resolved": "packages/compiler",
			"link": true
		},
		"node_modules/@8f4e/sprite-generator": {
			"resolved": "packages/sprite-generator",
			"link": true
		},
		"node_modules/@8f4e/worker": {
			"resolved": "packages/worker",
			"link": true
		},
		"node_modules/@rnbo/js": {
			"version": "1.1.0",
			"resolved": "https://registry.npmjs.org/@rnbo/js/-/js-1.1.0.tgz",
			"integrity": "sha512-/++sJxgudGHmzAPvGi6fHP0WPBDuQcZVboC6Mgx091H4nkYM63lT8uhojFAqVqL0cwC1mUVJAjjJPaEbjGXmeg=="
		},
		"node_modules/base64-js": {
			"version": "1.5.1",
			"resolved": "https://registry.npmjs.org/base64-js/-/base64-js-1.5.1.tgz",
			"integrity": "sha512-AKpaYlHn8t4SVbOHCy+b5+KKgvR4vrsD8vbvrbiQJps7fKDTkjkDry6ji0rUJjC0kzbNePLwzxq8iypo41qeWA==",
			"funding": [
				{
					"type": "github",
					"url": "https://github.com/sponsors/feross"
				},
				{
					"type": "patreon",
					"url": "https://www.patreon.com/feross"
				},
				{
					"type": "consulting",
					"url": "https://feross.org/support"
				}
			]
		},
		"node_modules/buffer": {
			"version": "5.7.1",
			"resolved": "https://registry.npmjs.org/buffer/-/buffer-5.7.1.tgz",
			"integrity": "sha512-EHcyIPBQ4BSGlvjB16k5KgAJ27CIsHY/2JBmCRReo48y9rQ3MaUzWX3KVlBa4U7MyX02HdVj0K7C3WaB3ju7FQ==",
			"funding": [
				{
					"type": "github",
					"url": "https://github.com/sponsors/feross"
				},
				{
					"type": "patreon",
					"url": "https://www.patreon.com/feross"
				},
				{
					"type": "consulting",
					"url": "https://feross.org/support"
				}
			],
			"dependencies": {
				"base64-js": "^1.3.1",
				"ieee754": "^1.1.13"
			}
		},
		"node_modules/ieee754": {
			"version": "1.2.1",
			"resolved": "https://registry.npmjs.org/ieee754/-/ieee754-1.2.1.tgz",
			"integrity": "sha512-dcyqhDvX1C46lXZcVqCpK+FtMRQVdIMN6/Df5js2zouUsqG7I6sFxitIC+7KYK29KdXOLHdu9zL4sFnoVQnqaA==",
			"funding": [
				{
					"type": "github",
					"url": "https://github.com/sponsors/feross"
				},
				{
					"type": "patreon",
					"url": "https://www.patreon.com/feross"
				},
				{
					"type": "consulting",
					"url": "https://feross.org/support"
				}
			]
		},
		"packages/2d-engine": {},
		"packages/audio-worklet": {},
		"packages/chord-identifier": {},
		"packages/compiler": {},
		"packages/sprite-generator": {},
		"packages/worker": {}
	},
	"dependencies": {
		"@8f4e/2d-engine": {
			"version": "file:packages/2d-engine"
		},
		"@8f4e/audio-worklet": {
			"version": "file:packages/audio-worklet"
		},
		"@8f4e/chord-identifier": {
			"version": "file:packages/chord-identifier"
		},
		"@8f4e/compiler": {
			"version": "file:packages/compiler"
		},
		"@8f4e/sprite-generator": {
			"version": "file:packages/sprite-generator"
		},
		"@8f4e/worker": {
			"version": "file:packages/worker"
		},
		"@rnbo/js": {
			"version": "1.1.0",
			"resolved": "https://registry.npmjs.org/@rnbo/js/-/js-1.1.0.tgz",
			"integrity": "sha512-/++sJxgudGHmzAPvGi6fHP0WPBDuQcZVboC6Mgx091H4nkYM63lT8uhojFAqVqL0cwC1mUVJAjjJPaEbjGXmeg=="
		},
		"base64-js": {
			"version": "1.5.1",
			"resolved": "https://registry.npmjs.org/base64-js/-/base64-js-1.5.1.tgz",
			"integrity": "sha512-AKpaYlHn8t4SVbOHCy+b5+KKgvR4vrsD8vbvrbiQJps7fKDTkjkDry6ji0rUJjC0kzbNePLwzxq8iypo41qeWA=="
		},
		"buffer": {
			"version": "5.7.1",
			"resolved": "https://registry.npmjs.org/buffer/-/buffer-5.7.1.tgz",
			"integrity": "sha512-EHcyIPBQ4BSGlvjB16k5KgAJ27CIsHY/2JBmCRReo48y9rQ3MaUzWX3KVlBa4U7MyX02HdVj0K7C3WaB3ju7FQ==",
			"requires": {
				"base64-js": "^1.3.1",
				"ieee754": "^1.1.13"
			}
		},
		"ieee754": {
			"version": "1.2.1",
			"resolved": "https://registry.npmjs.org/ieee754/-/ieee754-1.2.1.tgz",
			"integrity": "sha512-dcyqhDvX1C46lXZcVqCpK+FtMRQVdIMN6/Df5js2zouUsqG7I6sFxitIC+7KYK29KdXOLHdu9zL4sFnoVQnqaA=="
		}
	}
}
