{
	"name": "@8f4e/compiler",
	"version": "1.0.0",
	"lockfileVersion": 2,
	"requires": true,
	"packages": {
		"": {
			"name": "@8f4e/compiler",
			"version": "1.0.0",
			"license": "MIT",
			"dependencies": {
				"bytecode-utils": "file:packages/bytecode-utils"
			}
		},
		"node_modules/bytecode-utils": {
			"resolved": "packages/bytecode-utils",
			"link": true
		},
		"packages/bytecode-utils": {}
	},
	"dependencies": {
		"bytecode-utils": {
			"version": "file:packages/bytecode-utils"
		}
	}
}
