{
	"name": "compiler",
	"version": "1.0.0",
	"lockfileVersion": 2,
	"requires": true,
	"packages": {
		"": {
			"name": "compiler",
			"version": "1.0.0",
			"license": "MIT",
			"dependencies": {
				"bytecode-utils": "file:packages/bytecode-utils",
				"module-compiler": "file:packages/module-compiler"
			}
		},
		"node_modules/bytecode-utils": {
			"resolved": "packages/bytecode-utils",
			"link": true
		},
		"node_modules/module-compiler": {
			"resolved": "packages/module-compiler",
			"link": true
		},
		"packages/bytecode-utils": {},
		"packages/module-compiler": {}
	},
	"dependencies": {
		"bytecode-utils": {
			"version": "file:packages/bytecode-utils"
		},
		"module-compiler": {
			"version": "file:packages/module-compiler"
		}
	}
}
